
Microsoft Visual Studio Solution File, Format Version 12.00
Project("{FAE04EC0-301F-11D3-BF4B-00C04F79EFBC}") = "Ohce", "Ohce\Ohce.csproj", "{7964A3FF-7E66-4EA0-B0BA-EAF1B29FAD5C}"
EndProject
Project("{FAE04EC0-301F-11D3-BF4B-00C04F79EFBC}") = "OhceTests", "OhceTests\OhceTests.csproj", "{991653CF-6715-40C7-BFBC-F896BF09F4E1}"
EndProject
Global
	GlobalSection(SolutionConfigurationPlatforms) = preSolution
		Debug|Any CPU = Debug|Any CPU
		Release|Any CPU = Release|Any CPU
	EndGlobalSection
	GlobalSection(ProjectConfigurationPlatforms) = postSolution
		{7964A3FF-7E66-4EA0-B0BA-EAF1B29FAD5C}.Debug|Any CPU.ActiveCfg = Debug|Any CPU
		{7964A3FF-7E66-4EA0-B0BA-EAF1B29FAD5C}.Debug|Any CPU.Build.0 = Debug|Any CPU
		{7964A3FF-7E66-4EA0-B0BA-EAF1B29FAD5C}.Release|Any CPU.ActiveCfg = Release|Any CPU
		{7964A3FF-7E66-4EA0-B0BA-EAF1B29FAD5C}.Release|Any CPU.Build.0 = Release|Any CPU
		{991653CF-6715-40C7-BFBC-F896BF09F4E1}.Debug|Any CPU.ActiveCfg = Debug|Any CPU
		{991653CF-6715-40C7-BFBC-F896BF09F4E1}.Debug|Any CPU.Build.0 = Debug|Any CPU
		{991653CF-6715-40C7-BFBC-F896BF09F4E1}.Release|Any CPU.ActiveCfg = Release|Any CPU
		{991653CF-6715-40C7-BFBC-F896BF09F4E1}.Release|Any CPU.Build.0 = Release|Any CPU
	EndGlobalSection
EndGlobal
